
Microsoft Visual Studio Solution File, Format Version 12.00
# Visual Studio Version 16
VisualStudioVersion = 16.0.29215.179
MinimumVisualStudioVersion = 10.0.40219.1
Project("{FAE04EC0-301F-11D3-BF4B-00C04F79EFBC}") = "fun with stuff", "fun with stuff.csproj", "{5F33A197-7E10-47DA-BB72-C484E314630E}"
EndProject
Global
	GlobalSection(SolutionConfigurationPlatforms) = preSolution
		Debug|Any CPU = Debug|Any CPU
		Release|Any CPU = Release|Any CPU
	EndGlobalSection
	GlobalSection(ProjectConfigurationPlatforms) = postSolution
		{5F33A197-7E10-47DA-BB72-C484E314630E}.Debug|Any CPU.ActiveCfg = Debug|Any CPU
		{5F33A197-7E10-47DA-BB72-C484E314630E}.Debug|Any CPU.Build.0 = Debug|Any CPU
		{5F33A197-7E10-47DA-BB72-C484E314630E}.Release|Any CPU.ActiveCfg = Release|Any CPU
		{5F33A197-7E10-47DA-BB72-C484E314630E}.Release|Any CPU.Build.0 = Release|Any CPU
	EndGlobalSection
	GlobalSection(SolutionProperties) = preSolution
		HideSolutionNode = FALSE
	EndGlobalSection
	GlobalSection(ExtensibilityGlobals) = postSolution
		SolutionGuid = {4AA4B260-FDBD-4CD4-8D08-A85C56112067}
	EndGlobalSection
EndGlobal
